
Microsoft Visual Studio Solution File, Format Version 12.00
# Visual Studio Version 17
VisualStudioVersion = 17.6.33723.286
MinimumVisualStudioVersion = 10.0.40219.1
Project("{54A90642-561A-4BB1-A94E-469ADEE60C69}") = "angularapp", "angularapp\angularapp.esproj", "{B64149A0-7794-4084-8EA7-02F63EF435D5}"
EndProject
Project("{9A19103F-16F7-4668-BE54-9A1E7A4F7556}") = "webapi", "webapi\webapi.csproj", "{C44D0B0A-56B0-4F98-9C19-3445E01B4BBA}"
EndProject
Global
	GlobalSection(SolutionConfigurationPlatforms) = preSolution
		Debug|Any CPU = Debug|Any CPU
		Release|Any CPU = Release|Any CPU
	EndGlobalSection
	GlobalSection(ProjectConfigurationPlatforms) = postSolution
		{B64149A0-7794-4084-8EA7-02F63EF435D5}.Debug|Any CPU.ActiveCfg = Debug|Any CPU
		{B64149A0-7794-4084-8EA7-02F63EF435D5}.Debug|Any CPU.Build.0 = Debug|Any CPU
		{B64149A0-7794-4084-8EA7-02F63EF435D5}.Debug|Any CPU.Deploy.0 = Debug|Any CPU
		{B64149A0-7794-4084-8EA7-02F63EF435D5}.Release|Any CPU.ActiveCfg = Release|Any CPU
		{B64149A0-7794-4084-8EA7-02F63EF435D5}.Release|Any CPU.Build.0 = Release|Any CPU
		{B64149A0-7794-4084-8EA7-02F63EF435D5}.Release|Any CPU.Deploy.0 = Release|Any CPU
		{C44D0B0A-56B0-4F98-9C19-3445E01B4BBA}.Debug|Any CPU.ActiveCfg = Debug|Any CPU
		{C44D0B0A-56B0-4F98-9C19-3445E01B4BBA}.Debug|Any CPU.Build.0 = Debug|Any CPU
		{C44D0B0A-56B0-4F98-9C19-3445E01B4BBA}.Release|Any CPU.ActiveCfg = Release|Any CPU
		{C44D0B0A-56B0-4F98-9C19-3445E01B4BBA}.Release|Any CPU.Build.0 = Release|Any CPU
	EndGlobalSection
	GlobalSection(SolutionProperties) = preSolution
		HideSolutionNode = FALSE
	EndGlobalSection
	GlobalSection(ExtensibilityGlobals) = postSolution
		SolutionGuid = {D8CF3EFF-4790-4443-9546-3101779F4E51}
	EndGlobalSection
EndGlobal
